
Microsoft Visual Studio Solution File, Format Version 12.00
# Visual Studio 15
Project("{FAE04EC0-301F-11D3-BF4B-00C04F79EFBC}") = "Directorio", "Directorio\Directorio.csproj", "{79390D03-3341-44F9-AFB4-76F6052E79EA}"
EndProject
Global
	GlobalSection(SolutionConfigurationPlatforms) = preSolution
		Debug|anycpu = Debug|anycpu
		Release|anycpu = Release|anycpu
	EndGlobalSection
	GlobalSection(ProjectConfigurationPlatforms) = postSolution
		{79390D03-3341-44F9-AFB4-76F6052E79EA}.Debug|anycpu.ActiveCfg = Debug|anycpu
		{79390D03-3341-44F9-AFB4-76F6052E79EA}.Debug|anycpu.Build.0 = Debug|anycpu
		{79390D03-3341-44F9-AFB4-76F6052E79EA}.Release|anycpu.ActiveCfg = Release|anycpu
		{79390D03-3341-44F9-AFB4-76F6052E79EA}.Release|anycpu.Build.0 = Release|anycpu
	EndGlobalSection
EndGlobal
